
Microsoft Visual Studio Solution File, Format Version 12.00
# Visual Studio Version 17
VisualStudioVersion = 17.5.002.0
MinimumVisualStudioVersion = 10.0.40219.1
Project("{9A19103F-16F7-4668-BE54-9A1E7A4F7556}") = "ledsystem", "ledsystem\ledsystem.csproj", "{F221DA06-ABA7-4ED7-8AA9-5B4E6C196FDC}"
EndProject
Global
	GlobalSection(SolutionConfigurationPlatforms) = preSolution
		Debug|Any CPU = Debug|Any CPU
		Release|Any CPU = Release|Any CPU
	EndGlobalSection
	GlobalSection(ProjectConfigurationPlatforms) = postSolution
		{F221DA06-ABA7-4ED7-8AA9-5B4E6C196FDC}.Debug|Any CPU.ActiveCfg = Debug|Any CPU
		{F221DA06-ABA7-4ED7-8AA9-5B4E6C196FDC}.Debug|Any CPU.Build.0 = Debug|Any CPU
		{F221DA06-ABA7-4ED7-8AA9-5B4E6C196FDC}.Release|Any CPU.ActiveCfg = Release|Any CPU
		{F221DA06-ABA7-4ED7-8AA9-5B4E6C196FDC}.Release|Any CPU.Build.0 = Release|Any CPU
	EndGlobalSection
	GlobalSection(SolutionProperties) = preSolution
		HideSolutionNode = FALSE
	EndGlobalSection
	GlobalSection(ExtensibilityGlobals) = postSolution
		SolutionGuid = {010D39DB-988F-4509-8858-FD958B8CFAB1}
	EndGlobalSection
EndGlobal
